
Microsoft Visual Studio Solution File, Format Version 12.00
# Visual Studio 14
VisualStudioVersion = 14.0.25420.1
MinimumVisualStudioVersion = 10.0.40219.1
Project("{FAE04EC0-301F-11D3-BF4B-00C04F79EFBC}") = "LeapYear", "LeapYear\LeapYear.csproj", "{D324CEF0-2820-42CB-A559-B4A47B7DAA81}"
EndProject
Global
	GlobalSection(SolutionConfigurationPlatforms) = preSolution
		Debug|Any CPU = Debug|Any CPU
		Release|Any CPU = Release|Any CPU
	EndGlobalSection
	GlobalSection(ProjectConfigurationPlatforms) = postSolution
		{D324CEF0-2820-42CB-A559-B4A47B7DAA81}.Debug|Any CPU.ActiveCfg = Debug|Any CPU
		{D324CEF0-2820-42CB-A559-B4A47B7DAA81}.Debug|Any CPU.Build.0 = Debug|Any CPU
		{D324CEF0-2820-42CB-A559-B4A47B7DAA81}.Release|Any CPU.ActiveCfg = Release|Any CPU
		{D324CEF0-2820-42CB-A559-B4A47B7DAA81}.Release|Any CPU.Build.0 = Release|Any CPU
	EndGlobalSection
	GlobalSection(SolutionProperties) = preSolution
		HideSolutionNode = FALSE
	EndGlobalSection
EndGlobal
